
Microsoft Visual Studio Solution File, Format Version 12.00
# Visual Studio 15
VisualStudioVersion = 15.0.28010.2026
MinimumVisualStudioVersion = 10.0.40219.1
Project("{8BC9CEB8-8B4A-11D0-8D11-00A0C91BC942}") = "Queue", "Queue\Queue.vcxproj", "{ECBE3EA1-61E8-4C91-AE1E-E0DCA6434CDF}"
EndProject
Global
	GlobalSection(SolutionConfigurationPlatforms) = preSolution
		Debug|x64 = Debug|x64
		Debug|x86 = Debug|x86
		Release|x64 = Release|x64
		Release|x86 = Release|x86
	EndGlobalSection
	GlobalSection(ProjectConfigurationPlatforms) = postSolution
		{ECBE3EA1-61E8-4C91-AE1E-E0DCA6434CDF}.Debug|x64.ActiveCfg = Debug|x64
		{ECBE3EA1-61E8-4C91-AE1E-E0DCA6434CDF}.Debug|x64.Build.0 = Debug|x64
		{ECBE3EA1-61E8-4C91-AE1E-E0DCA6434CDF}.Debug|x86.ActiveCfg = Debug|Win32
		{ECBE3EA1-61E8-4C91-AE1E-E0DCA6434CDF}.Debug|x86.Build.0 = Debug|Win32
		{ECBE3EA1-61E8-4C91-AE1E-E0DCA6434CDF}.Release|x64.ActiveCfg = Release|x64
		{ECBE3EA1-61E8-4C91-AE1E-E0DCA6434CDF}.Release|x64.Build.0 = Release|x64
		{ECBE3EA1-61E8-4C91-AE1E-E0DCA6434CDF}.Release|x86.ActiveCfg = Release|Win32
		{ECBE3EA1-61E8-4C91-AE1E-E0DCA6434CDF}.Release|x86.Build.0 = Release|Win32
	EndGlobalSection
	GlobalSection(SolutionProperties) = preSolution
		HideSolutionNode = FALSE
	EndGlobalSection
	GlobalSection(ExtensibilityGlobals) = postSolution
		SolutionGuid = {FA107B98-D7A9-43FC-A801-D586BA4F4113}
	EndGlobalSection
EndGlobal
